
Microsoft Visual Studio Solution File, Format Version 12.00
# Visual Studio Version 17
VisualStudioVersion = 17.10.35122.118
MinimumVisualStudioVersion = 10.0.40219.1
Project("{2150E333-8FDC-42A3-9474-1A3956D46DE8}") = "Solution Items", "Solution Items", "{261600B6-3820-499E-8186-F2589B9F5049}"
	ProjectSection(SolutionItems) = preProject
		.editorconfig = .editorconfig
		.travis.yml = .travis.yml
		appveyor.yml = appveyor.yml
	EndProjectSection
EndProject
Project("{2150E333-8FDC-42A3-9474-1A3956D46DE8}") = "Core", "Core", "{2A33A780-09E0-43EA-BAC7-BD3443B2EC79}"
EndProject
Project("{9A19103F-16F7-4668-BE54-9A1E7A4F7556}") = "SabberStoneCoreTest", "SabberStoneCoreTest\SabberStoneCoreTest.csproj", "{4858A01E-6F37-4170-AFE3-4C76E514FE19}"
EndProject
Project("{9A19103F-16F7-4668-BE54-9A1E7A4F7556}") = "SabberStoneCore", "SabberStoneCore8\SabberStoneCore.csproj", "{BF1E563B-0C35-4F11-89CE-5DA33990E19A}"
EndProject
Project("{2150E333-8FDC-42A3-9474-1A3956D46DE8}") = "core-extensions", "core-extensions", "{07C3165B-B62C-4892-A235-3607546C283F}"
EndProject
Project("{FAE04EC0-301F-11D3-BF4B-00C04F79EFBC}") = "SabberStoneBasicAI", "core-extensions\SabberStoneBasicAI\SabberStoneBasicAI.csproj", "{F2C92943-7935-4D76-A192-4C8620261076}"
EndProject
Global
	GlobalSection(SolutionConfigurationPlatforms) = preSolution
		Debug|Any CPU = Debug|Any CPU
		Debug|x64 = Debug|x64
		Debug|x86 = Debug|x86
		Release|Any CPU = Release|Any CPU
		Release|x64 = Release|x64
		Release|x86 = Release|x86
	EndGlobalSection
	GlobalSection(ProjectConfigurationPlatforms) = postSolution
		{4858A01E-6F37-4170-AFE3-4C76E514FE19}.Debug|Any CPU.ActiveCfg = Debug|Any CPU
		{4858A01E-6F37-4170-AFE3-4C76E514FE19}.Debug|Any CPU.Build.0 = Debug|Any CPU
		{4858A01E-6F37-4170-AFE3-4C76E514FE19}.Debug|x64.ActiveCfg = Debug|Any CPU
		{4858A01E-6F37-4170-AFE3-4C76E514FE19}.Debug|x64.Build.0 = Debug|Any CPU
		{4858A01E-6F37-4170-AFE3-4C76E514FE19}.Debug|x86.ActiveCfg = Debug|Any CPU
		{4858A01E-6F37-4170-AFE3-4C76E514FE19}.Debug|x86.Build.0 = Debug|Any CPU
		{4858A01E-6F37-4170-AFE3-4C76E514FE19}.Release|Any CPU.ActiveCfg = Release|Any CPU
		{4858A01E-6F37-4170-AFE3-4C76E514FE19}.Release|Any CPU.Build.0 = Release|Any CPU
		{4858A01E-6F37-4170-AFE3-4C76E514FE19}.Release|x64.ActiveCfg = Release|Any CPU
		{4858A01E-6F37-4170-AFE3-4C76E514FE19}.Release|x64.Build.0 = Release|Any CPU
		{4858A01E-6F37-4170-AFE3-4C76E514FE19}.Release|x86.ActiveCfg = Release|Any CPU
		{4858A01E-6F37-4170-AFE3-4C76E514FE19}.Release|x86.Build.0 = Release|Any CPU
		{BF1E563B-0C35-4F11-89CE-5DA33990E19A}.Debug|Any CPU.ActiveCfg = Debug|Any CPU
		{BF1E563B-0C35-4F11-89CE-5DA33990E19A}.Debug|Any CPU.Build.0 = Debug|Any CPU
		{BF1E563B-0C35-4F11-89CE-5DA33990E19A}.Debug|x64.ActiveCfg = Debug|Any CPU
		{BF1E563B-0C35-4F11-89CE-5DA33990E19A}.Debug|x64.Build.0 = Debug|Any CPU
		{BF1E563B-0C35-4F11-89CE-5DA33990E19A}.Debug|x86.ActiveCfg = Debug|Any CPU
		{BF1E563B-0C35-4F11-89CE-5DA33990E19A}.Debug|x86.Build.0 = Debug|Any CPU
		{BF1E563B-0C35-4F11-89CE-5DA33990E19A}.Release|Any CPU.ActiveCfg = Release|Any CPU
		{BF1E563B-0C35-4F11-89CE-5DA33990E19A}.Release|Any CPU.Build.0 = Release|Any CPU
		{BF1E563B-0C35-4F11-89CE-5DA33990E19A}.Release|x64.ActiveCfg = Release|Any CPU
		{BF1E563B-0C35-4F11-89CE-5DA33990E19A}.Release|x64.Build.0 = Release|Any CPU
		{BF1E563B-0C35-4F11-89CE-5DA33990E19A}.Release|x86.ActiveCfg = Release|Any CPU
		{BF1E563B-0C35-4F11-89CE-5DA33990E19A}.Release|x86.Build.0 = Release|Any CPU
		{F2C92943-7935-4D76-A192-4C8620261076}.Debug|Any CPU.ActiveCfg = Debug|Any CPU
		{F2C92943-7935-4D76-A192-4C8620261076}.Debug|Any CPU.Build.0 = Debug|Any CPU
		{F2C92943-7935-4D76-A192-4C8620261076}.Debug|x64.ActiveCfg = Debug|Any CPU
		{F2C92943-7935-4D76-A192-4C8620261076}.Debug|x64.Build.0 = Debug|Any CPU
		{F2C92943-7935-4D76-A192-4C8620261076}.Debug|x86.ActiveCfg = Debug|Any CPU
		{F2C92943-7935-4D76-A192-4C8620261076}.Debug|x86.Build.0 = Debug|Any CPU
		{F2C92943-7935-4D76-A192-4C8620261076}.Release|Any CPU.ActiveCfg = Release|Any CPU
		{F2C92943-7935-4D76-A192-4C8620261076}.Release|Any CPU.Build.0 = Release|Any CPU
		{F2C92943-7935-4D76-A192-4C8620261076}.Release|x64.ActiveCfg = Release|Any CPU
		{F2C92943-7935-4D76-A192-4C8620261076}.Release|x64.Build.0 = Release|Any CPU
		{F2C92943-7935-4D76-A192-4C8620261076}.Release|x86.ActiveCfg = Release|Any CPU
		{F2C92943-7935-4D76-A192-4C8620261076}.Release|x86.Build.0 = Release|Any CPU
	EndGlobalSection
	GlobalSection(SolutionProperties) = preSolution
		HideSolutionNode = FALSE
	EndGlobalSection
	GlobalSection(NestedProjects) = preSolution
		{4858A01E-6F37-4170-AFE3-4C76E514FE19} = {2A33A780-09E0-43EA-BAC7-BD3443B2EC79}
		{BF1E563B-0C35-4F11-89CE-5DA33990E19A} = {2A33A780-09E0-43EA-BAC7-BD3443B2EC79}
		{F2C92943-7935-4D76-A192-4C8620261076} = {07C3165B-B62C-4892-A235-3607546C283F}
	EndGlobalSection
	GlobalSection(ExtensibilityGlobals) = postSolution
		VisualSVNWorkingCopyRoot = .
		SolutionGuid = {FA3771F8-9411-4FE3-A2C0-6EE7CFF48B17}
	EndGlobalSection
EndGlobal
